// !$*UTF8*$!
{
	archiveVersion = 1;
	classes = {
	};
	objectVersion = 50;
	objects = {

/* Begin PBXBuildFile section */
		94173C3820779E1300A757D4 /* NetworkManager.m in Sources */ = {isa = PBXBuildFile; fileRef = 94173C3720779E1300A757D4 /* NetworkManager.m */; };
		9456DB762080C28900172FE8 /* NewsFeed.xcdatamodeld in Sources */ = {isa = PBXBuildFile; fileRef = 9456DB742080C28900172FE8 /* NewsFeed.xcdatamodeld */; };
		94571777207E1E590018D32D /* NewsFeedViewController.m in Sources */ = {isa = PBXBuildFile; fileRef = 94571774207E1E590018D32D /* NewsFeedViewController.m */; };
		9457177B207E1EC80018D32D /* SingleNewsViewController.m in Sources */ = {isa = PBXBuildFile; fileRef = 94571778207E1EC80018D32D /* SingleNewsViewController.m */; };
		945A6A5E207F86F90017AEC8 /* StoryDB+MyExtension.m in Sources */ = {isa = PBXBuildFile; fileRef = 945A6A5D207F86F90017AEC8 /* StoryDB+MyExtension.m */; };
		94694FA9207B457200A06E77 /* Story.m in Sources */ = {isa = PBXBuildFile; fileRef = 94694FA8207B457200A06E77 /* Story.m */; };
		946F350B207CAF0B00E9B140 /* StoryTableCell.xib in Resources */ = {isa = PBXBuildFile; fileRef = 946F350A207CAF0B00E9B140 /* StoryTableCell.xib */; };
		946F350E207CB06A00E9B140 /* StoryTableCell.m in Sources */ = {isa = PBXBuildFile; fileRef = 946F350D207CB06A00E9B140 /* StoryTableCell.m */; };
		949A3BF8207688EE0038BC03 /* AppDelegate.m in Sources */ = {isa = PBXBuildFile; fileRef = 949A3BF7207688EE0038BC03 /* AppDelegate.m */; };
		949A3BFE207688EE0038BC03 /* Main.storyboard in Resources */ = {isa = PBXBuildFile; fileRef = 949A3BFC207688EE0038BC03 /* Main.storyboard */; };
		949A3C00207688F00038BC03 /* Assets.xcassets in Resources */ = {isa = PBXBuildFile; fileRef = 949A3BFF207688F00038BC03 /* Assets.xcassets */; };
		949A3C03207688F00038BC03 /* LaunchScreen.storyboard in Resources */ = {isa = PBXBuildFile; fileRef = 949A3C01207688F00038BC03 /* LaunchScreen.storyboard */; };
		949A3C06207688F00038BC03 /* main.m in Sources */ = {isa = PBXBuildFile; fileRef = 949A3C05207688F00038BC03 /* main.m */; };
		94A06F042080D50D00FA9CA4 /* MockNetworkManager.m in Sources */ = {isa = PBXBuildFile; fileRef = 94A06F032080D50D00FA9CA4 /* MockNetworkManager.m */; };
		94A06F082080D68500FA9CA4 /* NewsServiceFactory.m in Sources */ = {isa = PBXBuildFile; fileRef = 94A06F072080D68500FA9CA4 /* NewsServiceFactory.m */; };
		94A06F0B2080DAC000FA9CA4 /* NewsDatabaseManager.m in Sources */ = {isa = PBXBuildFile; fileRef = 94A06F0A2080DAC000FA9CA4 /* NewsDatabaseManager.m */; };
		94A06F0F2080DB0200FA9CA4 /* NewsService.m in Sources */ = {isa = PBXBuildFile; fileRef = 94A06F0E2080DB0200FA9CA4 /* NewsService.m */; };
/* End PBXBuildFile section */

/* Begin PBXFileReference section */
		94173C3620779E1300A757D4 /* NetworkManager.h */ = {isa = PBXFileReference; lastKnownFileType = sourcecode.c.h; path = NetworkManager.h; sourceTree = "<group>"; };
		94173C3720779E1300A757D4 /* NetworkManager.m */ = {isa = PBXFileReference; lastKnownFileType = sourcecode.c.objc; path = NetworkManager.m; sourceTree = "<group>"; };
		9456DB752080C28900172FE8 /* NewsFeed.xcdatamodel */ = {isa = PBXFileReference; lastKnownFileType = wrapper.xcdatamodel; path = NewsFeed.xcdatamodel; sourceTree = "<group>"; };
		94571774207E1E590018D32D /* NewsFeedViewController.m */ = {isa = PBXFileReference; fileEncoding = 4; lastKnownFileType = sourcecode.c.objc; name = NewsFeedViewController.m; path = NewsFeed/VC/NewsFeedViewController.m; sourceTree = SOURCE_ROOT; };
		94571778207E1EC80018D32D /* SingleNewsViewController.m */ = {isa = PBXFileReference; fileEncoding = 4; lastKnownFileType = sourcecode.c.objc; name = SingleNewsViewController.m; path = NewsFeed/VC/SingleNewsViewController.m; sourceTree = SOURCE_ROOT; };
		94571779207E1EC80018D32D /* NewsFeedViewController.h */ = {isa = PBXFileReference; fileEncoding = 4; lastKnownFileType = sourcecode.c.h; name = NewsFeedViewController.h; path = NewsFeed/VC/NewsFeedViewController.h; sourceTree = SOURCE_ROOT; };
		9457177A207E1EC80018D32D /* SingleNewsViewController.h */ = {isa = PBXFileReference; fileEncoding = 4; lastKnownFileType = sourcecode.c.h; name = SingleNewsViewController.h; path = NewsFeed/VC/SingleNewsViewController.h; sourceTree = SOURCE_ROOT; };
		945A6A5C207F86F90017AEC8 /* StoryDB+MyExtension.h */ = {isa = PBXFileReference; lastKnownFileType = sourcecode.c.h; path = "StoryDB+MyExtension.h"; sourceTree = "<group>"; };
		945A6A5D207F86F90017AEC8 /* StoryDB+MyExtension.m */ = {isa = PBXFileReference; lastKnownFileType = sourcecode.c.objc; path = "StoryDB+MyExtension.m"; sourceTree = "<group>"; };
		94694FA7207B457200A06E77 /* Story.h */ = {isa = PBXFileReference; lastKnownFileType = sourcecode.c.h; path = Story.h; sourceTree = "<group>"; };
		94694FA8207B457200A06E77 /* Story.m */ = {isa = PBXFileReference; lastKnownFileType = sourcecode.c.objc; path = Story.m; sourceTree = "<group>"; };
		946F350A207CAF0B00E9B140 /* StoryTableCell.xib */ = {isa = PBXFileReference; lastKnownFileType = file.xib; path = StoryTableCell.xib; sourceTree = "<group>"; };
		946F350C207CB06A00E9B140 /* StoryTableCell.h */ = {isa = PBXFileReference; lastKnownFileType = sourcecode.c.h; path = StoryTableCell.h; sourceTree = "<group>"; };
		946F350D207CB06A00E9B140 /* StoryTableCell.m */ = {isa = PBXFileReference; lastKnownFileType = sourcecode.c.objc; path = StoryTableCell.m; sourceTree = "<group>"; };
		949A3BF3207688EE0038BC03 /* NewsFeed.app */ = {isa = PBXFileReference; explicitFileType = wrapper.application; includeInIndex = 0; path = NewsFeed.app; sourceTree = BUILT_PRODUCTS_DIR; };
		949A3BF6207688EE0038BC03 /* AppDelegate.h */ = {isa = PBXFileReference; lastKnownFileType = sourcecode.c.h; path = AppDelegate.h; sourceTree = "<group>"; };
		949A3BF7207688EE0038BC03 /* AppDelegate.m */ = {isa = PBXFileReference; lastKnownFileType = sourcecode.c.objc; path = AppDelegate.m; sourceTree = "<group>"; };
		949A3BFD207688EE0038BC03 /* Base */ = {isa = PBXFileReference; lastKnownFileType = file.storyboard; name = Base; path = Base.lproj/Main.storyboard; sourceTree = "<group>"; };
		949A3BFF207688F00038BC03 /* Assets.xcassets */ = {isa = PBXFileReference; lastKnownFileType = folder.assetcatalog; path = Assets.xcassets; sourceTree = "<group>"; };
		949A3C02207688F00038BC03 /* Base */ = {isa = PBXFileReference; lastKnownFileType = file.storyboard; name = Base; path = Base.lproj/LaunchScreen.storyboard; sourceTree = "<group>"; };
		949A3C04207688F00038BC03 /* Info.plist */ = {isa = PBXFileReference; lastKnownFileType = text.plist.xml; path = Info.plist; sourceTree = "<group>"; };
		949A3C05207688F00038BC03 /* main.m */ = {isa = PBXFileReference; lastKnownFileType = sourcecode.c.objc; path = main.m; sourceTree = "<group>"; };
		94A06F022080D50D00FA9CA4 /* MockNetworkManager.h */ = {isa = PBXFileReference; lastKnownFileType = sourcecode.c.h; path = MockNetworkManager.h; sourceTree = "<group>"; };
		94A06F032080D50D00FA9CA4 /* MockNetworkManager.m */ = {isa = PBXFileReference; lastKnownFileType = sourcecode.c.objc; path = MockNetworkManager.m; sourceTree = "<group>"; };
		94A06F052080D54200FA9CA4 /* NewsServiceProtocol.h */ = {isa = PBXFileReference; lastKnownFileType = sourcecode.c.h; path = NewsServiceProtocol.h; sourceTree = "<group>"; };
		94A06F062080D68500FA9CA4 /* NewsServiceFactory.h */ = {isa = PBXFileReference; lastKnownFileType = sourcecode.c.h; path = NewsServiceFactory.h; sourceTree = "<group>"; };
		94A06F072080D68500FA9CA4 /* NewsServiceFactory.m */ = {isa = PBXFileReference; lastKnownFileType = sourcecode.c.objc; path = NewsServiceFactory.m; sourceTree = "<group>"; };
		94A06F092080DAC000FA9CA4 /* NewsDatabaseManager.h */ = {isa = PBXFileReference; lastKnownFileType = sourcecode.c.h; path = NewsDatabaseManager.h; sourceTree = "<group>"; };
		94A06F0A2080DAC000FA9CA4 /* NewsDatabaseManager.m */ = {isa = PBXFileReference; lastKnownFileType = sourcecode.c.objc; path = NewsDatabaseManager.m; sourceTree = "<group>"; };
		94A06F0D2080DB0200FA9CA4 /* NewsService.h */ = {isa = PBXFileReference; lastKnownFileType = sourcecode.c.h; path = NewsService.h; sourceTree = "<group>"; };
		94A06F0E2080DB0200FA9CA4 /* NewsService.m */ = {isa = PBXFileReference; lastKnownFileType = sourcecode.c.objc; path = NewsService.m; sourceTree = "<group>"; };
/* End PBXFileReference section */

/* Begin PBXFrameworksBuildPhase section */
		949A3BF0207688EE0038BC03 /* Frameworks */ = {
			isa = PBXFrameworksBuildPhase;
			buildActionMask = 2147483647;
			files = (
			);
			runOnlyForDeploymentPostprocessing = 0;
		};
/* End PBXFrameworksBuildPhase section */

/* Begin PBXGroup section */
		94173C3520779DEF00A757D4 /* Manageres */ = {
			isa = PBXGroup;
			children = (
				94E5C54C2082043800C16C8D /* Mock */,
				94A06F052080D54200FA9CA4 /* NewsServiceProtocol.h */,
				94A06F092080DAC000FA9CA4 /* NewsDatabaseManager.h */,
				94A06F0A2080DAC000FA9CA4 /* NewsDatabaseManager.m */,
				94173C3620779E1300A757D4 /* NetworkManager.h */,
				94173C3720779E1300A757D4 /* NetworkManager.m */,
				94A06F062080D68500FA9CA4 /* NewsServiceFactory.h */,
				94A06F072080D68500FA9CA4 /* NewsServiceFactory.m */,
			);
			path = Manageres;
			sourceTree = "<group>";
		};
		944AC756207786AD009CDF49 /* APIObjects */ = {
			isa = PBXGroup;
			children = (
				94694FA7207B457200A06E77 /* Story.h */,
				94694FA8207B457200A06E77 /* Story.m */,
			);
			path = APIObjects;
			sourceTree = "<group>";
		};
		949A3BEA207688EE0038BC03 = {
			isa = PBXGroup;
			children = (
				949A3BF5207688EE0038BC03 /* NewsFeed */,
				949A3BF4207688EE0038BC03 /* Products */,
			);
			sourceTree = "<group>";
		};
		949A3BF4207688EE0038BC03 /* Products */ = {
			isa = PBXGroup;
			children = (
				949A3BF3207688EE0038BC03 /* NewsFeed.app */,
			);
			name = Products;
			sourceTree = "<group>";
		};
		949A3BF5207688EE0038BC03 /* NewsFeed */ = {
			isa = PBXGroup;
			children = (
				94A06F0C2080DAF000FA9CA4 /* Servicies */,
				94C5500E207E452A004029C2 /* Database */,
				94C54FDF207E42B8004029C2 /* VC */,
				94173C3520779DEF00A757D4 /* Manageres */,
				944AC756207786AD009CDF49 /* APIObjects */,
				949A3BF6207688EE0038BC03 /* AppDelegate.h */,
				949A3BF7207688EE0038BC03 /* AppDelegate.m */,
				949A3BFC207688EE0038BC03 /* Main.storyboard */,
				949A3BFF207688F00038BC03 /* Assets.xcassets */,
				949A3C01207688F00038BC03 /* LaunchScreen.storyboard */,
				949A3C04207688F00038BC03 /* Info.plist */,
				949A3C05207688F00038BC03 /* main.m */,
				946F350A207CAF0B00E9B140 /* StoryTableCell.xib */,
				946F350C207CB06A00E9B140 /* StoryTableCell.h */,
				946F350D207CB06A00E9B140 /* StoryTableCell.m */,
			);
			path = NewsFeed;
			sourceTree = "<group>";
		};
		94A06F0C2080DAF000FA9CA4 /* Servicies */ = {
			isa = PBXGroup;
			children = (
				94A06F0D2080DB0200FA9CA4 /* NewsService.h */,
				94A06F0E2080DB0200FA9CA4 /* NewsService.m */,
			);
			path = Servicies;
			sourceTree = "<group>";
		};
		94C54FDF207E42B8004029C2 /* VC */ = {
			isa = PBXGroup;
			children = (
				94571779207E1EC80018D32D /* NewsFeedViewController.h */,
				94571774207E1E590018D32D /* NewsFeedViewController.m */,
				9457177A207E1EC80018D32D /* SingleNewsViewController.h */,
				94571778207E1EC80018D32D /* SingleNewsViewController.m */,
			);
			path = VC;
			sourceTree = "<group>";
		};
		94C5500E207E452A004029C2 /* Database */ = {
			isa = PBXGroup;
			children = (
				945A6A5C207F86F90017AEC8 /* StoryDB+MyExtension.h */,
				945A6A5D207F86F90017AEC8 /* StoryDB+MyExtension.m */,
				9456DB742080C28900172FE8 /* NewsFeed.xcdatamodeld */,
			);
			path = Database;
			sourceTree = "<group>";
		};
		94E5C54C2082043800C16C8D /* Mock */ = {
			isa = PBXGroup;
			children = (
				94A06F022080D50D00FA9CA4 /* MockNetworkManager.h */,
				94A06F032080D50D00FA9CA4 /* MockNetworkManager.m */,
			);
			path = Mock;
			sourceTree = "<group>";
		};
/* End PBXGroup section */

/* Begin PBXNativeTarget section */
		949A3BF2207688EE0038BC03 /* NewsFeed */ = {
			isa = PBXNativeTarget;
			buildConfigurationList = 949A3C09207688F00038BC03 /* Build configuration list for PBXNativeTarget "NewsFeed" */;
			buildPhases = (
				949A3BEF207688EE0038BC03 /* Sources */,
				949A3BF0207688EE0038BC03 /* Frameworks */,
				949A3BF1207688EE0038BC03 /* Resources */,
			);
			buildRules = (
			);
			dependencies = (
			);
			name = NewsFeed;
			productName = NewsFeed;
			productReference = 949A3BF3207688EE0038BC03 /* NewsFeed.app */;
			productType = "com.apple.product-type.application";
		};
/* End PBXNativeTarget section */

/* Begin PBXProject section */
		949A3BEB207688EE0038BC03 /* Project object */ = {
			isa = PBXProject;
			attributes = {
				LastUpgradeCheck = 0930;
				ORGANIZATIONNAME = "Romanchuk, Konstantin";
				TargetAttributes = {
					949A3BF2207688EE0038BC03 = {
						CreatedOnToolsVersion = 9.3;
						LastSwiftMigration = 0930;
					};
				};
			};
			buildConfigurationList = 949A3BEE207688EE0038BC03 /* Build configuration list for PBXProject "NewsFeed" */;
			compatibilityVersion = "Xcode 9.3";
			developmentRegion = en;
			hasScannedForEncodings = 0;
			knownRegions = (
				en,
				Base,
			);
			mainGroup = 949A3BEA207688EE0038BC03;
			productRefGroup = 949A3BF4207688EE0038BC03 /* Products */;
			projectDirPath = "";
			projectRoot = "";
			targets = (
				949A3BF2207688EE0038BC03 /* NewsFeed */,
			);
		};
/* End PBXProject section */

/* Begin PBXResourcesBuildPhase section */
		949A3BF1207688EE0038BC03 /* Resources */ = {
			isa = PBXResourcesBuildPhase;
			buildActionMask = 2147483647;
			files = (
				946F350B207CAF0B00E9B140 /* StoryTableCell.xib in Resources */,
				949A3C03207688F00038BC03 /* LaunchScreen.storyboard in Resources */,
				949A3C00207688F00038BC03 /* Assets.xcassets in Resources */,
				949A3BFE207688EE0038BC03 /* Main.storyboard in Resources */,
			);
			runOnlyForDeploymentPostprocessing = 0;
		};
/* End PBXResourcesBuildPhase section */

/* Begin PBXSourcesBuildPhase section */
		949A3BEF207688EE0038BC03 /* Sources */ = {
			isa = PBXSourcesBuildPhase;
			buildActionMask = 2147483647;
			files = (
				94A06F042080D50D00FA9CA4 /* MockNetworkManager.m in Sources */,
				9457177B207E1EC80018D32D /* SingleNewsViewController.m in Sources */,
				94A06F0F2080DB0200FA9CA4 /* NewsService.m in Sources */,
				94A06F082080D68500FA9CA4 /* NewsServiceFactory.m in Sources */,
				9456DB762080C28900172FE8 /* NewsFeed.xcdatamodeld in Sources */,
				949A3C06207688F00038BC03 /* main.m in Sources */,
				94A06F0B2080DAC000FA9CA4 /* NewsDatabaseManager.m in Sources */,
				94571777207E1E590018D32D /* NewsFeedViewController.m in Sources */,
				94694FA9207B457200A06E77 /* Story.m in Sources */,
				949A3BF8207688EE0038BC03 /* AppDelegate.m in Sources */,
				94173C3820779E1300A757D4 /* NetworkManager.m in Sources */,
				946F350E207CB06A00E9B140 /* StoryTableCell.m in Sources */,
				945A6A5E207F86F90017AEC8 /* StoryDB+MyExtension.m in Sources */,
			);
			runOnlyForDeploymentPostprocessing = 0;
		};
/* End PBXSourcesBuildPhase section */

/* Begin PBXVariantGroup section */
		949A3BFC207688EE0038BC03 /* Main.storyboard */ = {
			isa = PBXVariantGroup;
			children = (
				949A3BFD207688EE0038BC03 /* Base */,
			);
			name = Main.storyboard;
			sourceTree = "<group>";
		};
		949A3C01207688F00038BC03 /* LaunchScreen.storyboard */ = {
			isa = PBXVariantGroup;
			children = (
				949A3C02207688F00038BC03 /* Base */,
			);
			name = LaunchScreen.storyboard;
			sourceTree = "<group>";
		};
/* End PBXVariantGroup section */

/* Begin XCBuildConfiguration section */
		949A3C07207688F00038BC03 /* Debug */ = {
			isa = XCBuildConfiguration;
			buildSettings = {
				ALWAYS_SEARCH_USER_PATHS = NO;
				CLANG_ANALYZER_NONNULL = YES;
				CLANG_ANALYZER_NUMBER_OBJECT_CONVERSION = YES_AGGRESSIVE;
				CLANG_CXX_LANGUAGE_STANDARD = "gnu++14";
				CLANG_CXX_LIBRARY = "libc++";
				CLANG_ENABLE_MODULES = YES;
				CLANG_ENABLE_OBJC_ARC = YES;
				CLANG_ENABLE_OBJC_WEAK = YES;
				CLANG_WARN_BLOCK_CAPTURE_AUTORELEASING = YES;
				CLANG_WARN_BOOL_CONVERSION = YES;
				CLANG_WARN_COMMA = YES;
				CLANG_WARN_CONSTANT_CONVERSION = YES;
				CLANG_WARN_DEPRECATED_OBJC_IMPLEMENTATIONS = YES;
				CLANG_WARN_DIRECT_OBJC_ISA_USAGE = YES_ERROR;
				CLANG_WARN_DOCUMENTATION_COMMENTS = YES;
				CLANG_WARN_EMPTY_BODY = YES;
				CLANG_WARN_ENUM_CONVERSION = YES;
				CLANG_WARN_INFINITE_RECURSION = YES;
				CLANG_WARN_INT_CONVERSION = YES;
				CLANG_WARN_NON_LITERAL_NULL_CONVERSION = YES;
				CLANG_WARN_OBJC_IMPLICIT_RETAIN_SELF = YES;
				CLANG_WARN_OBJC_LITERAL_CONVERSION = YES;
				CLANG_WARN_OBJC_ROOT_CLASS = YES_ERROR;
				CLANG_WARN_RANGE_LOOP_ANALYSIS = YES;
				CLANG_WARN_STRICT_PROTOTYPES = YES;
				CLANG_WARN_SUSPICIOUS_MOVE = YES;
				CLANG_WARN_UNGUARDED_AVAILABILITY = YES_AGGRESSIVE;
				CLANG_WARN_UNREACHABLE_CODE = YES;
				CLANG_WARN__DUPLICATE_METHOD_MATCH = YES;
				CODE_SIGN_IDENTITY = "iPhone Developer";
				COPY_PHASE_STRIP = NO;
				DEBUG_INFORMATION_FORMAT = dwarf;
				ENABLE_STRICT_OBJC_MSGSEND = YES;
				ENABLE_TESTABILITY = YES;
				GCC_C_LANGUAGE_STANDARD = gnu11;
				GCC_DYNAMIC_NO_PIC = NO;
				GCC_NO_COMMON_BLOCKS = YES;
				GCC_OPTIMIZATION_LEVEL = 0;
				GCC_PREPROCESSOR_DEFINITIONS = (
					"DEBUG=1",
					"$(inherited)",
				);
				GCC_WARN_64_TO_32_BIT_CONVERSION = YES;
				GCC_WARN_ABOUT_RETURN_TYPE = YES_ERROR;
				GCC_WARN_UNDECLARED_SELECTOR = YES;
				GCC_WARN_UNINITIALIZED_AUTOS = YES_AGGRESSIVE;
				GCC_WARN_UNUSED_FUNCTION = YES;
				GCC_WARN_UNUSED_VARIABLE = YES;
				IPHONEOS_DEPLOYMENT_TARGET = 11.3;
				MTL_ENABLE_DEBUG_INFO = YES;
				ONLY_ACTIVE_ARCH = YES;
				SDKROOT = iphoneos;
			};
			name = Debug;
		};
		949A3C08207688F00038BC03 /* Release */ = {
			isa = XCBuildConfiguration;
			buildSettings = {
				ALWAYS_SEARCH_USER_PATHS = NO;
				CLANG_ANALYZER_NONNULL = YES;
				CLANG_ANALYZER_NUMBER_OBJECT_CONVERSION = YES_AGGRESSIVE;
				CLANG_CXX_LANGUAGE_STANDARD = "gnu++14";
				CLANG_CXX_LIBRARY = "libc++";
				CLANG_ENABLE_MODULES = YES;
				CLANG_ENABLE_OBJC_ARC = YES;
				CLANG_ENABLE_OBJC_WEAK = YES;
				CLANG_WARN_BLOCK_CAPTURE_AUTORELEASING = YES;
				CLANG_WARN_BOOL_CONVERSION = YES;
				CLANG_WARN_COMMA = YES;
				CLANG_WARN_CONSTANT_CONVERSION = YES;
				CLANG_WARN_DEPRECATED_OBJC_IMPLEMENTATIONS = YES;
				CLANG_WARN_DIRECT_OBJC_ISA_USAGE = YES_ERROR;
				CLANG_WARN_DOCUMENTATION_COMMENTS = YES;
				CLANG_WARN_EMPTY_BODY = YES;
				CLANG_WARN_ENUM_CONVERSION = YES;
				CLANG_WARN_INFINITE_RECURSION = YES;
				CLANG_WARN_INT_CONVERSION = YES;
				CLANG_WARN_NON_LITERAL_NULL_CONVERSION = YES;
				CLANG_WARN_OBJC_IMPLICIT_RETAIN_SELF = YES;
				CLANG_WARN_OBJC_LITERAL_CONVERSION = YES;
				CLANG_WARN_OBJC_ROOT_CLASS = YES_ERROR;
				CLANG_WARN_RANGE_LOOP_ANALYSIS = YES;
				CLANG_WARN_STRICT_PROTOTYPES = YES;
				CLANG_WARN_SUSPICIOUS_MOVE = YES;
				CLANG_WARN_UNGUARDED_AVAILABILITY = YES_AGGRESSIVE;
				CLANG_WARN_UNREACHABLE_CODE = YES;
				CLANG_WARN__DUPLICATE_METHOD_MATCH = YES;
				CODE_SIGN_IDENTITY = "iPhone Developer";
				COPY_PHASE_STRIP = NO;
				DEBUG_INFORMATION_FORMAT = "dwarf-with-dsym";
				ENABLE_NS_ASSERTIONS = NO;
				ENABLE_STRICT_OBJC_MSGSEND = YES;
				GCC_C_LANGUAGE_STANDARD = gnu11;
				GCC_NO_COMMON_BLOCKS = YES;
				GCC_WARN_64_TO_32_BIT_CONVERSION = YES;
				GCC_WARN_ABOUT_RETURN_TYPE = YES_ERROR;
				GCC_WARN_UNDECLARED_SELECTOR = YES;
				GCC_WARN_UNINITIALIZED_AUTOS = YES_AGGRESSIVE;
				GCC_WARN_UNUSED_FUNCTION = YES;
				GCC_WARN_UNUSED_VARIABLE = YES;
				IPHONEOS_DEPLOYMENT_TARGET = 11.3;
				MTL_ENABLE_DEBUG_INFO = NO;
				SDKROOT = iphoneos;
				VALIDATE_PRODUCT = YES;
			};
			name = Release;
		};
		949A3C0A207688F00038BC03 /* Debug */ = {
			isa = XCBuildConfiguration;
			buildSettings = {
				ASSETCATALOG_COMPILER_APPICON_NAME = AppIcon;
				CLANG_ENABLE_MODULES = YES;
				CODE_SIGN_STYLE = Automatic;
				INFOPLIST_FILE = NewsFeed/Info.plist;
				LD_RUNPATH_SEARCH_PATHS = (
					"$(inherited)",
					"@executable_path/Frameworks",
				);
				PRODUCT_BUNDLE_IDENTIFIER = it.NewsFeed;
				PRODUCT_NAME = "$(TARGET_NAME)";
				SWIFT_OBJC_BRIDGING_HEADER = "NewsFeed-Bridging-Header.h";
				SWIFT_OPTIMIZATION_LEVEL = "-Onone";
				SWIFT_VERSION = 3.0;
				TARGETED_DEVICE_FAMILY = "1,2";
			};
			name = Debug;
		};
		949A3C0B207688F00038BC03 /* Release */ = {
			isa = XCBuildConfiguration;
			buildSettings = {
				ASSETCATALOG_COMPILER_APPICON_NAME = AppIcon;
				CLANG_ENABLE_MODULES = YES;
				CODE_SIGN_STYLE = Automatic;
				INFOPLIST_FILE = NewsFeed/Info.plist;
				LD_RUNPATH_SEARCH_PATHS = (
					"$(inherited)",
					"@executable_path/Frameworks",
				);
				ONLY_ACTIVE_ARCH = NO;
				PRODUCT_BUNDLE_IDENTIFIER = it.NewsFeed;
				PRODUCT_NAME = "$(TARGET_NAME)";
				SWIFT_OBJC_BRIDGING_HEADER = "NewsFeed-Bridging-Header.h";
				SWIFT_VERSION = 3.0;
				TARGETED_DEVICE_FAMILY = "1,2";
			};
			name = Release;
		};
/* End XCBuildConfiguration section */

/* Begin XCConfigurationList section */
		949A3BEE207688EE0038BC03 /* Build configuration list for PBXProject "NewsFeed" */ = {
			isa = XCConfigurationList;
			buildConfigurations = (
				949A3C07207688F00038BC03 /* Debug */,
				949A3C08207688F00038BC03 /* Release */,
			);
			defaultConfigurationIsVisible = 0;
			defaultConfigurationName = Release;
		};
		949A3C09207688F00038BC03 /* Build configuration list for PBXNativeTarget "NewsFeed" */ = {
			isa = XCConfigurationList;
			buildConfigurations = (
				949A3C0A207688F00038BC03 /* Debug */,
				949A3C0B207688F00038BC03 /* Release */,
			);
			defaultConfigurationIsVisible = 0;
			defaultConfigurationName = Release;
		};
/* End XCConfigurationList section */

/* Begin XCVersionGroup section */
		9456DB742080C28900172FE8 /* NewsFeed.xcdatamodeld */ = {
			isa = XCVersionGroup;
			children = (
				9456DB752080C28900172FE8 /* NewsFeed.xcdatamodel */,
			);
			currentVersion = 9456DB752080C28900172FE8 /* NewsFeed.xcdatamodel */;
			path = NewsFeed.xcdatamodeld;
			sourceTree = "<group>";
			versionGroupType = wrapper.xcdatamodel;
		};
/* End XCVersionGroup section */
	};
	rootObject = 949A3BEB207688EE0038BC03 /* Project object */;
}
